
Microsoft Visual Studio Solution File, Format Version 12.00
# Visual Studio 15
VisualStudioVersion = 15.0.28307.539
MinimumVisualStudioVersion = 10.0.40219.1
Project("{FAE04EC0-301F-11D3-BF4B-00C04F79EFBC}") = "RestaurantZ.Business", "RestaurantZ.Business\RestaurantZ.Business.csproj", "{FB6B4225-3716-4A4F-A251-519F18D4A404}"
EndProject
Project("{FAE04EC0-301F-11D3-BF4B-00C04F79EFBC}") = "RestaurantZ.DataAccess", "RestaurantZ.DataAccess\RestaurantZ.DataAccess.csproj", "{983EC8FA-097B-42C2-B145-198330139825}"
EndProject
Project("{FAE04EC0-301F-11D3-BF4B-00C04F79EFBC}") = "RestaurantZ.Entities", "RestaurantZ.Entities\RestaurantZ.Entities.csproj", "{29764959-EC95-4116-B0B9-C2F159923913}"
EndProject
Project("{FAE04EC0-301F-11D3-BF4B-00C04F79EFBC}") = "RestaurantZ.WinFormUI", "RestaurantZ.WinFormUI\RestaurantZ.WinFormUI.csproj", "{98F24259-EECB-49E8-98BC-31C35A6D2C62}"
EndProject
Project("{FAE04EC0-301F-11D3-BF4B-00C04F79EFBC}") = "RestaurantZ.WinFormUI.CustomTools", "RestaurantZ.WinFormUI.CustomTools\RestaurantZ.WinFormUI.CustomTools.csproj", "{D45E6CD8-72B8-4A4E-B966-486E57CA770B}"
EndProject
Global
	GlobalSection(SolutionConfigurationPlatforms) = preSolution
		Debug|Any CPU = Debug|Any CPU
		Release|Any CPU = Release|Any CPU
	EndGlobalSection
	GlobalSection(ProjectConfigurationPlatforms) = postSolution
		{FB6B4225-3716-4A4F-A251-519F18D4A404}.Debug|Any CPU.ActiveCfg = Debug|Any CPU
		{FB6B4225-3716-4A4F-A251-519F18D4A404}.Debug|Any CPU.Build.0 = Debug|Any CPU
		{FB6B4225-3716-4A4F-A251-519F18D4A404}.Release|Any CPU.ActiveCfg = Release|Any CPU
		{FB6B4225-3716-4A4F-A251-519F18D4A404}.Release|Any CPU.Build.0 = Release|Any CPU
		{983EC8FA-097B-42C2-B145-198330139825}.Debug|Any CPU.ActiveCfg = Debug|Any CPU
		{983EC8FA-097B-42C2-B145-198330139825}.Debug|Any CPU.Build.0 = Debug|Any CPU
		{983EC8FA-097B-42C2-B145-198330139825}.Release|Any CPU.ActiveCfg = Release|Any CPU
		{983EC8FA-097B-42C2-B145-198330139825}.Release|Any CPU.Build.0 = Release|Any CPU
		{29764959-EC95-4116-B0B9-C2F159923913}.Debug|Any CPU.ActiveCfg = Debug|Any CPU
		{29764959-EC95-4116-B0B9-C2F159923913}.Debug|Any CPU.Build.0 = Debug|Any CPU
		{29764959-EC95-4116-B0B9-C2F159923913}.Release|Any CPU.ActiveCfg = Release|Any CPU
		{29764959-EC95-4116-B0B9-C2F159923913}.Release|Any CPU.Build.0 = Release|Any CPU
		{98F24259-EECB-49E8-98BC-31C35A6D2C62}.Debug|Any CPU.ActiveCfg = Debug|Any CPU
		{98F24259-EECB-49E8-98BC-31C35A6D2C62}.Debug|Any CPU.Build.0 = Debug|Any CPU
		{98F24259-EECB-49E8-98BC-31C35A6D2C62}.Release|Any CPU.ActiveCfg = Release|Any CPU
		{98F24259-EECB-49E8-98BC-31C35A6D2C62}.Release|Any CPU.Build.0 = Release|Any CPU
		{D45E6CD8-72B8-4A4E-B966-486E57CA770B}.Debug|Any CPU.ActiveCfg = Debug|Any CPU
		{D45E6CD8-72B8-4A4E-B966-486E57CA770B}.Debug|Any CPU.Build.0 = Debug|Any CPU
		{D45E6CD8-72B8-4A4E-B966-486E57CA770B}.Release|Any CPU.ActiveCfg = Release|Any CPU
		{D45E6CD8-72B8-4A4E-B966-486E57CA770B}.Release|Any CPU.Build.0 = Release|Any CPU
	EndGlobalSection
	GlobalSection(SolutionProperties) = preSolution
		HideSolutionNode = FALSE
	EndGlobalSection
	GlobalSection(ExtensibilityGlobals) = postSolution
		SolutionGuid = {FB6855D1-1F69-46DB-9D10-644E51FBC662}
	EndGlobalSection
EndGlobal
